
Microsoft Visual Studio Solution File, Format Version 12.00
# Visual Studio Version 16
VisualStudioVersion = 16.0.30114.105
MinimumVisualStudioVersion = 10.0.40219.1
Project("{FAE04EC0-301F-11D3-BF4B-00C04F79EFBC}") = "DBCommand", "DBCommand\DBCommand.csproj", "{859831E9-645A-4BBF-B701-FEF618BAD95F}"
EndProject
Project("{FAE04EC0-301F-11D3-BF4B-00C04F79EFBC}") = "DBConnection", "DBConnection\DBConnection.csproj", "{A0BA9043-7173-4E91-978F-29A5EC3E1E55}"
EndProject
Project("{FAE04EC0-301F-11D3-BF4B-00C04F79EFBC}") = "CourseManager", "CourseManager\CourseManager.csproj", "{61002E2D-65FA-4992-AF09-4FC32E4AFA80}"
EndProject
Project("{FAE04EC0-301F-11D3-BF4B-00C04F79EFBC}") = "CustomerManager", "CustomerManager\CustomerManager.csproj", "{70115EE2-F40C-43EB-95BF-D568C2AF2D16}"
EndProject
Project("{FAE04EC0-301F-11D3-BF4B-00C04F79EFBC}") = "CodeFirst", "CodeFirst\CodeFirst.csproj", "{179CF861-CB38-4C91-9230-A5E7BC3A80A0}"
EndProject
Project("{FAE04EC0-301F-11D3-BF4B-00C04F79EFBC}") = "DatasetDesigner", "DatasetDesigner\DatasetDesigner.csproj", "{5EA385F2-E07A-4394-8EB0-375180CF379D}"
EndProject
Project("{FAE04EC0-301F-11D3-BF4B-00C04F79EFBC}") = "CreatingDataTable", "CreatingDataTable\CreatingDataTable.csproj", "{EEBCC029-555E-4630-9B72-6012B9A7884A}"
EndProject
Project("{FAE04EC0-301F-11D3-BF4B-00C04F79EFBC}") = "DataAdapterProgram", "DataAdapterProgram\DataAdapterProgram.csproj", "{969EC2B1-9B69-41C4-BA30-51A6D298EA2F}"
EndProject
Project("{FAE04EC0-301F-11D3-BF4B-00C04F79EFBC}") = "DataAdapterWizard", "DataAdapterWizard\DataAdapterWizard.csproj", "{5275F310-93AB-4159-A663-130A1F4EF5C4}"
EndProject
Project("{FAE04EC0-301F-11D3-BF4B-00C04F79EFBC}") = "WorkingDataTable", "WorkingDataTable\WorkingDataTable.csproj", "{9A8AF94D-984A-47CF-953D-FD3D3B30B3FB}"
EndProject
Project("{FAE04EC0-301F-11D3-BF4B-00C04F79EFBC}") = "DataViewExample", "DataViewExample\DataViewExample.csproj", "{6787B28E-59EE-4EDA-AC6D-23119660150B}"
EndProject
Project("{FAE04EC0-301F-11D3-BF4B-00C04F79EFBC}") = "DataSourcesWizard", "DataSourcesWizard\DataSourcesWizard.csproj", "{2A599D4D-A021-4700-AA8F-106F5188F5F2}"
EndProject
Project("{FAE04EC0-301F-11D3-BF4B-00C04F79EFBC}") = "DataBindingSimple", "DataBindingSimple\DataBindingSimple.csproj", "{4AFC315C-F650-4ED3-9D14-ADE2D7F66DA3}"
EndProject
Project("{FAE04EC0-301F-11D3-BF4B-00C04F79EFBC}") = "DataBindingComplex", "DataBindingComplex\DataBindingComplex.csproj", "{7819A4CF-B795-4C83-9430-C2EA037BECFF}"
EndProject
Project("{FAE04EC0-301F-11D3-BF4B-00C04F79EFBC}") = "DataGridViewExample", "DataGridViewExample\DataGridViewExample.csproj", "{0B994E0C-2EBC-49F3-8CE7-C01D8F24F212}"
EndProject
Project("{FAE04EC0-301F-11D3-BF4B-00C04F79EFBC}") = "SavingDataSetXml", "SavingDataSetXml\SavingDataSetXml.csproj", "{7C70C950-05A1-45BB-B5C7-0F8FD0861D83}"
EndProject
Project("{FAE04EC0-301F-11D3-BF4B-00C04F79EFBC}") = "LoadDataSetXml", "LoadDataSetXml\LoadDataSetXml.csproj", "{4159A15E-FA0A-4DA1-9C77-FCC37F2CE5D9}"
EndProject
Project("{FAE04EC0-301F-11D3-BF4B-00C04F79EFBC}") = "Linq_Student", "Linq_Student\Linq_Student.csproj", "{0BC9BD39-A92B-44FA-9C95-97318757ECAE}"
EndProject
Project("{FAE04EC0-301F-11D3-BF4B-00C04F79EFBC}") = "LINQsql_1", "LINQsql_1\LINQsql_1.csproj", "{F93D9553-962B-4E7F-ADEF-E586DED140CA}"
EndProject
Project("{FAE04EC0-301F-11D3-BF4B-00C04F79EFBC}") = "LINQsqlSproc", "LINQsqlSproc\LINQsqlSproc.csproj", "{1895B1BF-86E4-4403-B2B6-926C719F133B}"
EndProject
Project("{FAE04EC0-301F-11D3-BF4B-00C04F79EFBC}") = "LINQsql_m", "LINQsql_m\LINQsql_m.csproj", "{8712C16B-BAE8-4AA5-BDF5-3B137633A873}"
EndProject
Project("{FAE04EC0-301F-11D3-BF4B-00C04F79EFBC}") = "StudGrades", "StudGrades\StudGrades.csproj", "{54A08D17-A483-41EF-BA60-3ACFEF32CCD7}"
EndProject
Project("{FAE04EC0-301F-11D3-BF4B-00C04F79EFBC}") = "std", "std\std.csproj", "{88EEB4FB-0B0C-4B2C-8414-370221D45432}"
EndProject
Global
	GlobalSection(SolutionConfigurationPlatforms) = preSolution
		Debug|Any CPU = Debug|Any CPU
		Release|Any CPU = Release|Any CPU
	EndGlobalSection
	GlobalSection(ProjectConfigurationPlatforms) = postSolution
		{859831E9-645A-4BBF-B701-FEF618BAD95F}.Debug|Any CPU.ActiveCfg = Debug|Any CPU
		{859831E9-645A-4BBF-B701-FEF618BAD95F}.Debug|Any CPU.Build.0 = Debug|Any CPU
		{859831E9-645A-4BBF-B701-FEF618BAD95F}.Release|Any CPU.ActiveCfg = Release|Any CPU
		{859831E9-645A-4BBF-B701-FEF618BAD95F}.Release|Any CPU.Build.0 = Release|Any CPU
		{A0BA9043-7173-4E91-978F-29A5EC3E1E55}.Debug|Any CPU.ActiveCfg = Debug|Any CPU
		{A0BA9043-7173-4E91-978F-29A5EC3E1E55}.Debug|Any CPU.Build.0 = Debug|Any CPU
		{A0BA9043-7173-4E91-978F-29A5EC3E1E55}.Release|Any CPU.ActiveCfg = Release|Any CPU
		{A0BA9043-7173-4E91-978F-29A5EC3E1E55}.Release|Any CPU.Build.0 = Release|Any CPU
		{61002E2D-65FA-4992-AF09-4FC32E4AFA80}.Debug|Any CPU.ActiveCfg = Debug|Any CPU
		{61002E2D-65FA-4992-AF09-4FC32E4AFA80}.Debug|Any CPU.Build.0 = Debug|Any CPU
		{61002E2D-65FA-4992-AF09-4FC32E4AFA80}.Release|Any CPU.ActiveCfg = Release|Any CPU
		{61002E2D-65FA-4992-AF09-4FC32E4AFA80}.Release|Any CPU.Build.0 = Release|Any CPU
		{70115EE2-F40C-43EB-95BF-D568C2AF2D16}.Debug|Any CPU.ActiveCfg = Debug|Any CPU
		{70115EE2-F40C-43EB-95BF-D568C2AF2D16}.Debug|Any CPU.Build.0 = Debug|Any CPU
		{70115EE2-F40C-43EB-95BF-D568C2AF2D16}.Release|Any CPU.ActiveCfg = Release|Any CPU
		{70115EE2-F40C-43EB-95BF-D568C2AF2D16}.Release|Any CPU.Build.0 = Release|Any CPU
		{179CF861-CB38-4C91-9230-A5E7BC3A80A0}.Debug|Any CPU.ActiveCfg = Debug|Any CPU
		{179CF861-CB38-4C91-9230-A5E7BC3A80A0}.Debug|Any CPU.Build.0 = Debug|Any CPU
		{179CF861-CB38-4C91-9230-A5E7BC3A80A0}.Release|Any CPU.ActiveCfg = Release|Any CPU
		{179CF861-CB38-4C91-9230-A5E7BC3A80A0}.Release|Any CPU.Build.0 = Release|Any CPU
		{5EA385F2-E07A-4394-8EB0-375180CF379D}.Debug|Any CPU.ActiveCfg = Debug|Any CPU
		{5EA385F2-E07A-4394-8EB0-375180CF379D}.Debug|Any CPU.Build.0 = Debug|Any CPU
		{5EA385F2-E07A-4394-8EB0-375180CF379D}.Release|Any CPU.ActiveCfg = Release|Any CPU
		{5EA385F2-E07A-4394-8EB0-375180CF379D}.Release|Any CPU.Build.0 = Release|Any CPU
		{EEBCC029-555E-4630-9B72-6012B9A7884A}.Debug|Any CPU.ActiveCfg = Debug|Any CPU
		{EEBCC029-555E-4630-9B72-6012B9A7884A}.Debug|Any CPU.Build.0 = Debug|Any CPU
		{EEBCC029-555E-4630-9B72-6012B9A7884A}.Release|Any CPU.ActiveCfg = Release|Any CPU
		{EEBCC029-555E-4630-9B72-6012B9A7884A}.Release|Any CPU.Build.0 = Release|Any CPU
		{969EC2B1-9B69-41C4-BA30-51A6D298EA2F}.Debug|Any CPU.ActiveCfg = Debug|Any CPU
		{969EC2B1-9B69-41C4-BA30-51A6D298EA2F}.Debug|Any CPU.Build.0 = Debug|Any CPU
		{969EC2B1-9B69-41C4-BA30-51A6D298EA2F}.Release|Any CPU.ActiveCfg = Release|Any CPU
		{969EC2B1-9B69-41C4-BA30-51A6D298EA2F}.Release|Any CPU.Build.0 = Release|Any CPU
		{5275F310-93AB-4159-A663-130A1F4EF5C4}.Debug|Any CPU.ActiveCfg = Debug|Any CPU
		{5275F310-93AB-4159-A663-130A1F4EF5C4}.Debug|Any CPU.Build.0 = Debug|Any CPU
		{5275F310-93AB-4159-A663-130A1F4EF5C4}.Release|Any CPU.ActiveCfg = Release|Any CPU
		{5275F310-93AB-4159-A663-130A1F4EF5C4}.Release|Any CPU.Build.0 = Release|Any CPU
		{9A8AF94D-984A-47CF-953D-FD3D3B30B3FB}.Debug|Any CPU.ActiveCfg = Debug|Any CPU
		{9A8AF94D-984A-47CF-953D-FD3D3B30B3FB}.Debug|Any CPU.Build.0 = Debug|Any CPU
		{9A8AF94D-984A-47CF-953D-FD3D3B30B3FB}.Release|Any CPU.ActiveCfg = Release|Any CPU
		{9A8AF94D-984A-47CF-953D-FD3D3B30B3FB}.Release|Any CPU.Build.0 = Release|Any CPU
		{6787B28E-59EE-4EDA-AC6D-23119660150B}.Debug|Any CPU.ActiveCfg = Debug|Any CPU
		{6787B28E-59EE-4EDA-AC6D-23119660150B}.Debug|Any CPU.Build.0 = Debug|Any CPU
		{6787B28E-59EE-4EDA-AC6D-23119660150B}.Release|Any CPU.ActiveCfg = Release|Any CPU
		{6787B28E-59EE-4EDA-AC6D-23119660150B}.Release|Any CPU.Build.0 = Release|Any CPU
		{2A599D4D-A021-4700-AA8F-106F5188F5F2}.Debug|Any CPU.ActiveCfg = Debug|Any CPU
		{2A599D4D-A021-4700-AA8F-106F5188F5F2}.Debug|Any CPU.Build.0 = Debug|Any CPU
		{2A599D4D-A021-4700-AA8F-106F5188F5F2}.Release|Any CPU.ActiveCfg = Release|Any CPU
		{2A599D4D-A021-4700-AA8F-106F5188F5F2}.Release|Any CPU.Build.0 = Release|Any CPU
		{4AFC315C-F650-4ED3-9D14-ADE2D7F66DA3}.Debug|Any CPU.ActiveCfg = Debug|Any CPU
		{4AFC315C-F650-4ED3-9D14-ADE2D7F66DA3}.Debug|Any CPU.Build.0 = Debug|Any CPU
		{4AFC315C-F650-4ED3-9D14-ADE2D7F66DA3}.Release|Any CPU.ActiveCfg = Release|Any CPU
		{4AFC315C-F650-4ED3-9D14-ADE2D7F66DA3}.Release|Any CPU.Build.0 = Release|Any CPU
		{7819A4CF-B795-4C83-9430-C2EA037BECFF}.Debug|Any CPU.ActiveCfg = Debug|Any CPU
		{7819A4CF-B795-4C83-9430-C2EA037BECFF}.Debug|Any CPU.Build.0 = Debug|Any CPU
		{7819A4CF-B795-4C83-9430-C2EA037BECFF}.Release|Any CPU.ActiveCfg = Release|Any CPU
		{7819A4CF-B795-4C83-9430-C2EA037BECFF}.Release|Any CPU.Build.0 = Release|Any CPU
		{0B994E0C-2EBC-49F3-8CE7-C01D8F24F212}.Debug|Any CPU.ActiveCfg = Debug|Any CPU
		{0B994E0C-2EBC-49F3-8CE7-C01D8F24F212}.Debug|Any CPU.Build.0 = Debug|Any CPU
		{0B994E0C-2EBC-49F3-8CE7-C01D8F24F212}.Release|Any CPU.ActiveCfg = Release|Any CPU
		{0B994E0C-2EBC-49F3-8CE7-C01D8F24F212}.Release|Any CPU.Build.0 = Release|Any CPU
		{7C70C950-05A1-45BB-B5C7-0F8FD0861D83}.Debug|Any CPU.ActiveCfg = Debug|Any CPU
		{7C70C950-05A1-45BB-B5C7-0F8FD0861D83}.Debug|Any CPU.Build.0 = Debug|Any CPU
		{7C70C950-05A1-45BB-B5C7-0F8FD0861D83}.Release|Any CPU.ActiveCfg = Release|Any CPU
		{7C70C950-05A1-45BB-B5C7-0F8FD0861D83}.Release|Any CPU.Build.0 = Release|Any CPU
		{4159A15E-FA0A-4DA1-9C77-FCC37F2CE5D9}.Debug|Any CPU.ActiveCfg = Debug|Any CPU
		{4159A15E-FA0A-4DA1-9C77-FCC37F2CE5D9}.Debug|Any CPU.Build.0 = Debug|Any CPU
		{4159A15E-FA0A-4DA1-9C77-FCC37F2CE5D9}.Release|Any CPU.ActiveCfg = Release|Any CPU
		{4159A15E-FA0A-4DA1-9C77-FCC37F2CE5D9}.Release|Any CPU.Build.0 = Release|Any CPU
		{0BC9BD39-A92B-44FA-9C95-97318757ECAE}.Debug|Any CPU.ActiveCfg = Debug|Any CPU
		{0BC9BD39-A92B-44FA-9C95-97318757ECAE}.Debug|Any CPU.Build.0 = Debug|Any CPU
		{0BC9BD39-A92B-44FA-9C95-97318757ECAE}.Release|Any CPU.ActiveCfg = Release|Any CPU
		{0BC9BD39-A92B-44FA-9C95-97318757ECAE}.Release|Any CPU.Build.0 = Release|Any CPU
		{F93D9553-962B-4E7F-ADEF-E586DED140CA}.Debug|Any CPU.ActiveCfg = Debug|Any CPU
		{F93D9553-962B-4E7F-ADEF-E586DED140CA}.Debug|Any CPU.Build.0 = Debug|Any CPU
		{F93D9553-962B-4E7F-ADEF-E586DED140CA}.Release|Any CPU.ActiveCfg = Release|Any CPU
		{F93D9553-962B-4E7F-ADEF-E586DED140CA}.Release|Any CPU.Build.0 = Release|Any CPU
		{1895B1BF-86E4-4403-B2B6-926C719F133B}.Debug|Any CPU.ActiveCfg = Debug|Any CPU
		{1895B1BF-86E4-4403-B2B6-926C719F133B}.Debug|Any CPU.Build.0 = Debug|Any CPU
		{1895B1BF-86E4-4403-B2B6-926C719F133B}.Release|Any CPU.ActiveCfg = Release|Any CPU
		{1895B1BF-86E4-4403-B2B6-926C719F133B}.Release|Any CPU.Build.0 = Release|Any CPU
		{8712C16B-BAE8-4AA5-BDF5-3B137633A873}.Debug|Any CPU.ActiveCfg = Debug|Any CPU
		{8712C16B-BAE8-4AA5-BDF5-3B137633A873}.Debug|Any CPU.Build.0 = Debug|Any CPU
		{8712C16B-BAE8-4AA5-BDF5-3B137633A873}.Release|Any CPU.ActiveCfg = Release|Any CPU
		{8712C16B-BAE8-4AA5-BDF5-3B137633A873}.Release|Any CPU.Build.0 = Release|Any CPU
		{54A08D17-A483-41EF-BA60-3ACFEF32CCD7}.Debug|Any CPU.ActiveCfg = Debug|Any CPU
		{54A08D17-A483-41EF-BA60-3ACFEF32CCD7}.Debug|Any CPU.Build.0 = Debug|Any CPU
		{54A08D17-A483-41EF-BA60-3ACFEF32CCD7}.Release|Any CPU.ActiveCfg = Release|Any CPU
		{54A08D17-A483-41EF-BA60-3ACFEF32CCD7}.Release|Any CPU.Build.0 = Release|Any CPU
		{88EEB4FB-0B0C-4B2C-8414-370221D45432}.Debug|Any CPU.ActiveCfg = Debug|Any CPU
		{88EEB4FB-0B0C-4B2C-8414-370221D45432}.Debug|Any CPU.Build.0 = Debug|Any CPU
		{88EEB4FB-0B0C-4B2C-8414-370221D45432}.Release|Any CPU.ActiveCfg = Release|Any CPU
		{88EEB4FB-0B0C-4B2C-8414-370221D45432}.Release|Any CPU.Build.0 = Release|Any CPU
	EndGlobalSection
	GlobalSection(SolutionProperties) = preSolution
		HideSolutionNode = FALSE
	EndGlobalSection
	GlobalSection(ExtensibilityGlobals) = postSolution
		SolutionGuid = {6C601062-8351-495F-9B1A-F03CF21DBE8A}
	EndGlobalSection
EndGlobal
